# THIS IS AN AUTOGENERATED FILE. DO NOT EDIT THIS FILE DIRECTLY.
# yarn lockfile v1


"@egjs/hammerjs@^2.0.17":
  version "2.0.17"
  resolved "https://registry.yarnpkg.com/@egjs/hammerjs/-/hammerjs-2.0.17.tgz#5dc02af75a6a06e4c2db0202cae38c9263895124"
  integrity sha512-XQsZgjm2EcVUiZQf11UBJQfmZeEmOW8DpI1gsFeln6w0ae0ii4dMQEQ0kjl6DspdWX1aGY1/loyXnP0JS06e/A==
  dependencies:
    "@types/hammerjs" "^2.0.36"

"@types/hammerjs@^2.0.36":
  version "2.0.36"
  resolved "https://registry.yarnpkg.com/@types/hammerjs/-/hammerjs-2.0.36.tgz#17ce0a235e9ffbcdcdf5095646b374c2bf615a4c"
  integrity sha512-7TUK/k2/QGpEAv/BCwSHlYu3NXZhQ9ZwBYpzr9tjlPIL2C5BeGhH3DmVavRx3ZNyELX5TLC91JTz/cen6AAtIQ==

"@types/prop-types@*":
  version "15.7.3"
  resolved "https://registry.yarnpkg.com/@types/prop-types/-/prop-types-15.7.3.tgz#2ab0d5da2e5815f94b0b9d4b95d1e5f243ab2ca7"
  integrity sha512-KfRL3PuHmqQLOG+2tGpRO26Ctg+Cq1E01D2DMriKEATHgWLfeNDmq9e29Q9WIky0dQ3NPkd1mzYH8Lm936Z9qw==

"@types/react-native-snap-carousel@^3.8.1":
  version "3.8.1"
  resolved "https://registry.yarnpkg.com/@types/react-native-snap-carousel/-/react-native-snap-carousel-3.8.1.tgz#1fabbae6053c2c234f11cec6e5622086677b4da4"
  integrity sha512-nKpCGtyvi0RB7iyrMf3Zyl9r4fvEVMnhBnHNWZe5FPvTiJ+XPPJw3lo9HOoqZIySVvYoASQdGnFLgWnugiUmHw==
  dependencies:
    "@types/react" "*"
    "@types/react-native" "*"

"@types/react-native@*":
  version "0.61.23"
  resolved "https://registry.yarnpkg.com/@types/react-native/-/react-native-0.61.23.tgz#bff4e0311c229a5203eb37aacd4febf59f3e2980"
  integrity sha512-upHmySsrVBDBokWWhYIKkKnpvadsHdioSjbBTu4xl7fjN0yb94KR5ngUOBXsyqAYqQzF+hP6qpvobG9M7Jr6hw==
  dependencies:
    "@types/react" "*"

"@types/react@*":
  version "16.9.25"
  resolved "https://registry.yarnpkg.com/@types/react/-/react-16.9.25.tgz#6ae2159b40138c792058a23c3c04fd3db49e929e"
  integrity sha512-Dlj2V72cfYLPNscIG3/SMUOzhzj7GK3bpSrfefwt2YT9GLynvLCCZjbhyF6VsT0q0+aRACRX03TDJGb7cA0cqg==
  dependencies:
    "@types/prop-types" "*"
    csstype "^2.2.0"

abs-svg-path@^0.1.1:
  version "0.1.1"
  resolved "https://registry.yarnpkg.com/abs-svg-path/-/abs-svg-path-0.1.1.tgz#df601c8e8d2ba10d4a76d625e236a9a39c2723bf"
  integrity sha1-32Acjo0roQ1KdtYl4japo5wnI78=

asap@~2.0.3:
  version "2.0.6"
  resolved "https://registry.yarnpkg.com/asap/-/asap-2.0.6.tgz#e50347611d7e690943208bbdafebcbc2fb866d46"
  integrity sha1-5QNHYR1+aQlDIIu9r+vLwvuGbUY=

core-js@^1.0.0:
  version "1.2.7"
  resolved "https://registry.yarnpkg.com/core-js/-/core-js-1.2.7.tgz#652294c14651db28fa93bd2d5ff2983a4f08c636"
  integrity sha1-ZSKUwUZR2yj6k70tX/KYOk8IxjY=

core-js@^2.4.1:
  version "2.6.11"
  resolved "https://registry.yarnpkg.com/core-js/-/core-js-2.6.11.tgz#38831469f9922bded8ee21c9dc46985e0399308c"
  integrity sha512-5wjnpaT/3dV+XB4borEsnAYQchn00XSgTAWKDkEqv+K8KevjbzmofK6hfJ9TZIlpj2N0xQpazy7PiRQiWHqzWg==

csstype@^2.2.0:
  version "2.6.9"
  resolved "https://registry.yarnpkg.com/csstype/-/csstype-2.6.9.tgz#05141d0cd557a56b8891394c1911c40c8a98d098"
  integrity sha512-xz39Sb4+OaTsULgUERcCk+TJj8ylkL4aSVDQiX/ksxbELSqwkgt4d4RD7fovIdgJGSuNYqwZEiVjYY5l0ask+Q==

encoding@^0.1.11:
  version "0.1.12"
  resolved "https://registry.yarnpkg.com/encoding/-/encoding-0.1.12.tgz#538b66f3ee62cd1ab51ec323829d1f9480c74beb"
  integrity sha1-U4tm8+5izRq1HsMjgp0flIDHS+s=
  dependencies:
    iconv-lite "~0.4.13"

expo-av@^8.1.0:
  version "8.1.0"
  resolved "https://registry.yarnpkg.com/expo-av/-/expo-av-8.1.0.tgz#376e2a821168cd83e997c6dd84350fab6b293f10"
  integrity sha512-owWxOCyK+dPyT3pF4rDOf2W8Sn8LSEvfw1HvU9xM0wzH7xF0bw3Zs3wcXxvtfhnXAZ5dCDQfvZI5cXk+lml+IQ==
  dependencies:
    lodash "^4.17.15"
    nullthrows "^1.1.0"

expo-haptics@^8.1.0:
  version "8.1.0"
  resolved "https://registry.yarnpkg.com/expo-haptics/-/expo-haptics-8.1.0.tgz#99ba3fd220f523041321ec260e6d3ec5cf4ac6c7"
  integrity sha512-4aJUD3JYdxjj72tNo7tz5NKdhAHFtke+zOT2eaHdO8Vk2Az2IdmvWm99C7yGZKZvmRI2bnJGRyWo+rFgDWCQ3A==

expo-linear-gradient@^8.1.0:
  version "8.1.0"
  resolved "https://registry.yarnpkg.com/expo-linear-gradient/-/expo-linear-gradient-8.1.0.tgz#6933765cf1e76ef2928fd8495e779929699ac4c6"
  integrity sha512-AIy2pOXQRcgk2XE5IgAzd1S2jTFLutiDfveNm6m3fPAk00Rw4qFe98qzte1ayNrGYLJvQ2xq/Y7C0BmBP051mg==

expo-video@^1.0.2:
  version "1.0.2"
  resolved "https://registry.yarnpkg.com/expo-video/-/expo-video-1.0.2.tgz#5d1e8e9f4068e5f0513001ffe65fddf1fbba03a8"
  integrity sha512-S7anFxsOWoxl1QUxOO+bmGhSYsHVIiYvYnb6+dtPQDvC8PYyi3GnjLLJkzvLlFB21z0pxjq7tNF8B6xEGOGUWA==
  dependencies:
    expo-av "^8.1.0"
    use-debounce "^3.4.1"

fbjs-css-vars@^1.0.0:
  version "1.0.2"
  resolved "https://registry.yarnpkg.com/fbjs-css-vars/-/fbjs-css-vars-1.0.2.tgz#216551136ae02fe255932c3ec8775f18e2c078b8"
  integrity sha512-b2XGFAFdWZWg0phtAWLHCk836A1Xann+I+Dgd3Gk64MHKZO44FfoD1KxyvbSh0qZsIoXQGGlVztIY+oitJPpRQ==

fbjs@^0.8.4:
  version "0.8.17"
  resolved "https://registry.yarnpkg.com/fbjs/-/fbjs-0.8.17.tgz#c4d598ead6949112653d6588b01a5cdcd9f90fdd"
  integrity sha1-xNWY6taUkRJlPWWIsBpc3Nn5D90=
  dependencies:
    core-js "^1.0.0"
    isomorphic-fetch "^2.1.1"
    loose-envify "^1.0.0"
    object-assign "^4.1.0"
    promise "^7.1.1"
    setimmediate "^1.0.5"
    ua-parser-js "^0.7.18"

fbjs@^1.0.0:
  version "1.0.0"
  resolved "https://registry.yarnpkg.com/fbjs/-/fbjs-1.0.0.tgz#52c215e0883a3c86af2a7a776ed51525ae8e0a5a"
  integrity sha512-MUgcMEJaFhCaF1QtWGnmq9ZDRAzECTCRAF7O6UZIlAlkTs1SasiX9aP0Iw7wfD2mJ7wDTNfg2w7u5fSCwJk1OA==
  dependencies:
    core-js "^2.4.1"
    fbjs-css-vars "^1.0.0"
    isomorphic-fetch "^2.1.1"
    loose-envify "^1.0.0"
    object-assign "^4.1.0"
    promise "^7.1.1"
    setimmediate "^1.0.5"
    ua-parser-js "^0.7.18"

hoist-non-react-statics@^2.3.1:
  version "2.5.5"
  resolved "https://registry.yarnpkg.com/hoist-non-react-statics/-/hoist-non-react-statics-2.5.5.tgz#c5903cf409c0dfd908f388e619d86b9c1174cb47"
  integrity sha512-rqcy4pJo55FTTLWt+bU8ukscqHeE/e9KWvsOW2b/a3afxQZhwkQdT1rPPCJ0rYXdj4vNcasY8zHTH+jF/qStxw==

iconv-lite@~0.4.13:
  version "0.4.24"
  resolved "https://registry.yarnpkg.com/iconv-lite/-/iconv-lite-0.4.24.tgz#2022b4b25fbddc21d2f524974a474aafe733908b"
  integrity sha512-v3MXnZAcvnywkTUEZomIActle7RXXeedOR31wwl7VlyoXO4Qi9arvSenNQWne1TcRwhCL1HwLI21bEqdpj8/rA==
  dependencies:
    safer-buffer ">= 2.1.2 < 3"

invariant@^2.2.4:
  version "2.2.4"
  resolved "https://registry.yarnpkg.com/invariant/-/invariant-2.2.4.tgz#610f3c92c9359ce1db616e538008d23ff35158e6"
  integrity sha512-phJfQVBuaJM5raOpJjSfkiD6BpbCE4Ns//LaXl6wGYtUBY83nWS6Rf9tXm2e8VaK60JEjYldbPif/A2B1C2gNA==
  dependencies:
    loose-envify "^1.0.0"

is-stream@^1.0.1:
  version "1.1.0"
  resolved "https://registry.yarnpkg.com/is-stream/-/is-stream-1.1.0.tgz#12d4a3dd4e68e0b79ceb8dbc84173ae80d91ca44"
  integrity sha1-EtSj3U5o4Lec6428hBc66A2RykQ=

isomorphic-fetch@^2.1.1:
  version "2.2.1"
  resolved "https://registry.yarnpkg.com/isomorphic-fetch/-/isomorphic-fetch-2.2.1.tgz#611ae1acf14f5e81f729507472819fe9733558a9"
  integrity sha1-YRrhrPFPXoH3KVB0coGf6XM1WKk=
  dependencies:
    node-fetch "^1.0.1"
    whatwg-fetch ">=0.10.0"

"js-tokens@^3.0.0 || ^4.0.0":
  version "4.0.0"
  resolved "https://registry.yarnpkg.com/js-tokens/-/js-tokens-4.0.0.tgz#19203fb59991df98e3a287050d4647cdeaf32499"
  integrity sha512-RdJUflcE3cUzKiMqQgsCu06FPu9UdIJO0beYbPhHN4k6apgJtifcoCtT9bcxOpYBtpD2kCM6Sbzg4CausW/PKQ==

lodash@^4.17.15:
  version "4.17.15"
  resolved "https://registry.yarnpkg.com/lodash/-/lodash-4.17.15.tgz#b447f6670a0455bbfeedd11392eff330ea097548"
  integrity sha512-8xOcRHvCjnocdS5cpwXQXVzmmh5e5+saE2QGoeQmbKmRS6J3VQppPOIt0MnmE+4xlZoumy0GPG0D0MVIQbNA1A==

loose-envify@^1.0.0, loose-envify@^1.4.0:
  version "1.4.0"
  resolved "https://registry.yarnpkg.com/loose-envify/-/loose-envify-1.4.0.tgz#71ee51fa7be4caec1a63839f7e682d8132d30caf"
  integrity sha512-lyuxPGr/Wfhrlem2CL/UcnUc1zcqKAImBDzukY7Y5F/yQiNdko6+fRLevlw1HgMySw7f611UIY408EtxRSoK3Q==
  dependencies:
    js-tokens "^3.0.0 || ^4.0.0"

memoize-one@^5.1.1:
  version "5.1.1"
  resolved "https://registry.yarnpkg.com/memoize-one/-/memoize-one-5.1.1.tgz#047b6e3199b508eaec03504de71229b8eb1d75c0"
  integrity sha512-HKeeBpWvqiVJD57ZUAsJNm71eHTykffzcLZVYWiVfQeI1rJtuEaS7hQiEpWfVVk18donPwJEcFKIkCmPJNOhHA==

node-fetch@^1.0.1:
  version "1.7.3"
  resolved "https://registry.yarnpkg.com/node-fetch/-/node-fetch-1.7.3.tgz#980f6f72d85211a5347c6b2bc18c5b84c3eb47ef"
  integrity sha512-NhZ4CsKx7cYm2vSrBAr2PvFOe6sWDf0UYLRqA6svUYg7+/TSfVAu49jYC4BvQ4Sms9SZgdqGBgroqfDhJdTyKQ==
  dependencies:
    encoding "^0.1.11"
    is-stream "^1.0.1"

normalize-svg-path@^1.0.1:
  version "1.0.1"
  resolved "https://registry.yarnpkg.com/normalize-svg-path/-/normalize-svg-path-1.0.1.tgz#6f729ad6b70bb4ca4eff2fe4b107489efe1d56fe"
  integrity sha1-b3Ka1rcLtMpO/y/ksQdInv4dVv4=
  dependencies:
    svg-arc-to-cubic-bezier "^3.0.0"

nullthrows@^1.1.0:
  version "1.1.1"
  resolved "https://registry.yarnpkg.com/nullthrows/-/nullthrows-1.1.1.tgz#7818258843856ae971eae4208ad7d7eb19a431b1"
  integrity sha512-2vPPEi+Z7WqML2jZYddDIfy5Dqb0r2fze2zTxNNknZaFpVHU3mFB3R+DWeJWGVx0ecvttSGlJTI+WG+8Z4cDWw==

object-assign@^4.1.0, object-assign@^4.1.1:
  version "4.1.1"
  resolved "https://registry.yarnpkg.com/object-assign/-/object-assign-4.1.1.tgz#2109adc7965887cfc05cbbd442cac8bfbb360863"
  integrity sha1-IQmtx5ZYh8/AXLvUQsrIv7s2CGM=

parse-svg-path@^0.1.2:
  version "0.1.2"
  resolved "https://registry.yarnpkg.com/parse-svg-path/-/parse-svg-path-0.1.2.tgz#7a7ec0d1eb06fa5325c7d3e009b859a09b5d49eb"
  integrity sha1-en7A0esG+lMlx9PgCbhZoJtdSes=

prettier@1.19.1:
  version "1.19.1"
  resolved "https://registry.yarnpkg.com/prettier/-/prettier-1.19.1.tgz#f7d7f5ff8a9cd872a7be4ca142095956a60797cb"
  integrity sha512-s7PoyDv/II1ObgQunCbB9PdLmUcBZcnWOcxDh7O0N/UwDEsHyqkW+Qh28jW+mVuCdx7gLB0BotYI1Y6uI9iyew==

promise@^7.1.1:
  version "7.3.1"
  resolved "https://registry.yarnpkg.com/promise/-/promise-7.3.1.tgz#064b72602b18f90f29192b8b1bc418ffd1ebd3bf"
  integrity sha512-nolQXZ/4L+bP/UGlkfaIujX9BKxGwmQ9OT4mOt5yvy8iK1h3wqTEJCijzGANTCCl9nWjY41juyAn2K3Q1hLLTg==
  dependencies:
    asap "~2.0.3"

prop-types@^15.6.1, prop-types@^15.7.2:
  version "15.7.2"
  resolved "https://registry.yarnpkg.com/prop-types/-/prop-types-15.7.2.tgz#52c41e75b8c87e72b9d9360e0206b99dcbffa6c5"
  integrity sha512-8QQikdH7//R2vurIJSutZ1smHYTcLpRWEOlHnzcWHmBYrOGUysKwSsrC89BCiFj3CbrfJ/nXFdJepOVrY1GCHQ==
  dependencies:
    loose-envify "^1.4.0"
    object-assign "^4.1.1"
    react-is "^16.8.1"

react-addons-shallow-compare@15.6.2:
  version "15.6.2"
  resolved "https://registry.yarnpkg.com/react-addons-shallow-compare/-/react-addons-shallow-compare-15.6.2.tgz#198a00b91fc37623db64a28fd17b596ba362702f"
  integrity sha1-GYoAuR/DdiPbZKKP0XtZa6NicC8=
  dependencies:
    fbjs "^0.8.4"
    object-assign "^4.1.0"

react-is@^16.8.1:
  version "16.13.1"
  resolved "https://registry.yarnpkg.com/react-is/-/react-is-16.13.1.tgz#789729a4dc36de2999dc156dd6c1d9c18cea56a4"
  integrity sha512-24e6ynE2H+OKt4kqsOvNd8kBpV65zoxbA4BVsEOB3ARVWQki/DHzaUoC5KuON/BiccDaCCTZBuOcfZs70kR8bQ==

react-native-gesture-handler@~1.6.0:
  version "1.6.1"
  resolved "https://registry.yarnpkg.com/react-native-gesture-handler/-/react-native-gesture-handler-1.6.1.tgz#678e2dce250ed66e93af409759be22cd6375dd17"
  integrity sha512-gQgIKhDiYf754yzhhliagLuLupvGb6ZyBdzYzr7aus3Fyi87TLOw63ers+r4kGw0h26oAWTAdHd34JnF4NeL6Q==
  dependencies:
    "@egjs/hammerjs" "^2.0.17"
    hoist-non-react-statics "^2.3.1"
    invariant "^2.2.4"
    prop-types "^15.7.2"

react-native-reanimated@^1.8.0:
  version "1.13.3"
  resolved "https://registry.yarnpkg.com/react-native-reanimated/-/react-native-reanimated-1.13.3.tgz#fb0e1d582c8866015140f2159e147ffe6e798a3a"
  integrity sha512-i714H24dv6ncpFO7/SZ0PfAMbvjgVbF8Ow2NPtowoZAz8osS54DmTMrkgJ9Za+uEku/s0AEaxqiXG2Xgntvv2g==
  dependencies:
    fbjs "^1.0.0"

react-native-redash@^12.0.2:
  version "12.6.1"
  resolved "https://registry.yarnpkg.com/react-native-redash/-/react-native-redash-12.6.1.tgz#26ca12ce01eaafc154fe322b506c48ef1a76197f"
  integrity sha512-SChHzssVr512PfZxGCcVMmlAzQ20k5BkC8BiSfZls6bFohLiJT3ih6Of9mPmaTENCQWe7ywTx7gzr3tAnIu2mg==
  dependencies:
    abs-svg-path "^0.1.1"
    normalize-svg-path "^1.0.1"
    parse-svg-path "^0.1.2"
    use-memo-one "^1.1.1"

react-native-snap-carousel@^3.9.0:
  version "3.9.1"
  resolved "https://registry.yarnpkg.com/react-native-snap-carousel/-/react-native-snap-carousel-3.9.1.tgz#6fd9bd8839546c2c6043a41d2035afbc6fe0443e"
  integrity sha512-xWEGusacIgK1YaDXLi7Gao2+ISLoGPVEBR8fcMf4tOOJQufutlNwkoLu0l6B8Qgsrre0nTxoVZikRgGRDWlLaQ==
  dependencies:
    prop-types "^15.6.1"
    react-addons-shallow-compare "15.6.2"

react-native-swipe-gestures@^1.0.5:
  version "1.0.5"
  resolved "https://registry.yarnpkg.com/react-native-swipe-gestures/-/react-native-swipe-gestures-1.0.5.tgz#a172cb0f3e7478ccd681fd36b8bfbcdd098bde7c"
  integrity sha512-Ns7Bn9H/Tyw278+5SQx9oAblDZ7JixyzeOczcBK8dipQk2pD7Djkcfnf1nB/8RErAmMLL9iXgW0QHqiII8AhKw==

"safer-buffer@>= 2.1.2 < 3":
  version "2.1.2"
  resolved "https://registry.yarnpkg.com/safer-buffer/-/safer-buffer-2.1.2.tgz#44fa161b0187b9549dd84bb91802f9bd8385cd6a"
  integrity sha512-YZo3K82SD7Riyi0E1EQPojLz7kpepnSQI9IyPbHHg1XXXevb5dJI7tpyN2ADxGcQbHG7vcyRHk0cbwqcQriUtg==

setimmediate@^1.0.5:
  version "1.0.5"
  resolved "https://registry.yarnpkg.com/setimmediate/-/setimmediate-1.0.5.tgz#290cbb232e306942d7d7ea9b83732ab7856f8285"
  integrity sha1-KQy7Iy4waULX1+qbg3Mqt4VvgoU=

svg-arc-to-cubic-bezier@^3.0.0:
  version "3.2.0"
  resolved "https://registry.yarnpkg.com/svg-arc-to-cubic-bezier/-/svg-arc-to-cubic-bezier-3.2.0.tgz#390c450035ae1c4a0104d90650304c3bc814abe6"
  integrity sha512-djbJ/vZKZO+gPoSDThGNpKDO+o+bAeA4XQKovvkNCqnIS2t+S4qnLAGQhyyrulhCFRl1WWzAp0wUDV8PpTVU3g==

ua-parser-js@^0.7.18:
  version "0.7.28"
  resolved "https://registry.yarnpkg.com/ua-parser-js/-/ua-parser-js-0.7.28.tgz#8ba04e653f35ce210239c64661685bf9121dec31"
  integrity sha512-6Gurc1n//gjp9eQNXjD9O3M/sMwVtN5S8Lv9bvOYBfKfDNiIIhqiyi01vMBO45u4zkDE420w/e0se7Vs+sIg+g==

use-debounce@^3.4.1:
  version "3.4.1"
  resolved "https://registry.yarnpkg.com/use-debounce/-/use-debounce-3.4.1.tgz#361a20e583c1bd4a44f8b29a26793a52a0b84d2c"
  integrity sha512-KHZPsL+cZvOt/ZAsHTcoAK65ImXU0iG9FDeofuj9uJTdUULF6Gjws8HpK+JlIjZpZ7LTqPHZtEknc+Im4cB3AA==

use-memo-one@^1.1.1:
  version "1.1.1"
  resolved "https://registry.yarnpkg.com/use-memo-one/-/use-memo-one-1.1.1.tgz#39e6f08fe27e422a7d7b234b5f9056af313bd22c"
  integrity sha512-oFfsyun+bP7RX8X2AskHNTxu+R3QdE/RC5IefMbqptmACAA/gfol1KDD5KRzPsGMa62sWxGZw+Ui43u6x4ddoQ==

whatwg-fetch@>=0.10.0:
  version "3.0.0"
  resolved "https://registry.yarnpkg.com/whatwg-fetch/-/whatwg-fetch-3.0.0.tgz#fc804e458cc460009b1a2b966bc8817d2578aefb"
  integrity sha512-9GSJUgz1D4MfyKU7KRqwOjXCXTqWdFNvEr7eUBYchQiVc744mqK/MzXPNR2WsPkmkOa4ywfg8C2n8h+13Bey1Q==
